# This file is automatically @generated by Poetry 1.6.1 and should not be changed by hand.

[[package]]
name = "networkx"
version = "3.2"
description = "Python package for creating and manipulating graphs and networks"
optional = false
python-versions = ">=3.9"
files = [
    {file = "networkx-3.2-py3-none-any.whl", hash = "sha256:8b25f564bd28f94ac821c58b04ae1a3109e73b001a7d476e4bb0d00d63706bf8"},
    {file = "networkx-3.2.tar.gz", hash = "sha256:bda29edf392d9bfa5602034c767d28549214ec45f620081f0b74dc036a1fbbc1"},
]

[package.extras]
default = ["matplotlib (>=3.5)", "numpy (>=1.22)", "pandas (>=1.4)", "scipy (>=1.9,!=1.11.0,!=1.11.1)"]
developer = ["changelist (==0.4)", "mypy (>=1.1)", "pre-commit (>=3.2)", "rtoml"]
doc = ["nb2plots (>=0.7)", "nbconvert (<7.9)", "numpydoc (>=1.6)", "pillow (>=9.4)", "pydata-sphinx-theme (>=0.14)", "sphinx (>=7)", "sphinx-gallery (>=0.14)", "texext (>=0.6.7)"]
extra = ["lxml (>=4.6)", "pydot (>=1.4.2)", "pygraphviz (>=1.11)", "sympy (>=1.10)"]
test = ["pytest (>=7.2)", "pytest-cov (>=4.0)"]

[metadata]
lock-version = "2.0"
python-versions = ">=3.9,<3.13"
content-hash = "a226be5be8219fcf89ec42907a41a06332703f2363f7783561a94f75ba994003"
